dependencies:
- name: redpanda
  repository: https://charts.redpanda.com
  version: 26.1.4
- name: redis
  repository: https://charts.bitnami.com/bitnami
  version: 25.5.3
- name: postgresql
  repository: https://charts.bitnami.com/bitnami
  version: 18.6.10
- name: altinity-clickhouse-operator
  repository: https://helm.altinity.com
  version: 0.26.3
- name: clickhouse
  repository: https://helm.altinity.com
  version: 0.3.11
- name: init-job
  repository: file://../init-job
  version: 0.1.0
- name: init-job
  repository: file://../init-job
  version: 0.1.0
- name: ingestion
  repository: file://../ingestion
  version: 0.1.0
- name: processing
  repository: file://../processing
  version: 0.1.0
- name: query-service
  repository: file://../query-service
  version: 0.1.0
- name: auth-service
  repository: file://../auth-service
  version: 0.1.0
- name: ingress
  repository: https://charts.konghq.com
  version: 0.24.0
- name: kong-gateway
  repository: file://../kong-gateway
  version: 0.1.0
- name: kube-prometheus-stack
  repository: https://prometheus-community.github.io/helm-charts
  version: 58.7.2
- name: loki-stack
  repository: https://grafana.github.io/helm-charts
  version: 2.10.3
- name: monitoring
  repository: file://../monitoring
  version: 0.1.0
digest: sha256:0ef7ef34a075f11e30aa7c3f59972a4d3d02685053c7fc53de157937992fd692
generated: "2026-05-30T19:57:01.414065726+01:00"
